
Microsoft Visual Studio Solution File, Format Version 12.00
# Visual Studio Version 16
VisualStudioVersion = 16.0.32126.315
MinimumVisualStudioVersion = 10.0.40219.1
Project("{8BC9CEB8-8B4A-11D0-8D11-00A0C91BC942}") = "lab_1_1_root", "lab_1\lab_1.vcxproj", "{0B7AE8C4-825C-4F12-94E7-0D63C29E8043}"
EndProject
Project("{8BC9CEB8-8B4A-11D0-8D11-00A0C91BC942}") = "lab_1_2_extremum", "lab_1_2\lab_1_2.vcxproj", "{944E9928-00E3-4453-8010-20716DF2AACB}"
EndProject
Project("{8BC9CEB8-8B4A-11D0-8D11-00A0C91BC942}") = "lab_2_1_derivative", "lab_2_1\lab_2_1.vcxproj", "{E14963BA-F92E-441E-8336-778A7743DD44}"
EndProject
Project("{8BC9CEB8-8B4A-11D0-8D11-00A0C91BC942}") = "lab_2_2_integrate", "lab_2_2\lab_2_2.vcxproj", "{D19F21B7-51C5-4EBF-9B42-489E63F7B573}"
EndProject
Project("{8BC9CEB8-8B4A-11D0-8D11-00A0C91BC942}") = "lab_3_1_interpolation_Lagrange", "lab_3_1_interpolation\lab_3_1_interpolation.vcxproj", "{363F2321-4EF0-4BEA-90EC-9EF8DACE8D8E}"
EndProject
Project("{8BC9CEB8-8B4A-11D0-8D11-00A0C91BC942}") = "lab_3_2_interpolation_Newton", "lab_3_2_interpolation_Newton\lab_3_2_interpolation_Newton.vcxproj", "{CE1A3A0F-E57E-47E8-B1ED-125A6E6A7BBE}"
EndProject
Project("{8BC9CEB8-8B4A-11D0-8D11-00A0C91BC942}") = "lab_4_1_Gauss", "lab_4_1_Gauss\lab_4_1_Gauss.vcxproj", "{37C574D1-47AA-40BD-84A6-A0E9DC9AC9C9}"
EndProject
Project("{8BC9CEB8-8B4A-11D0-8D11-00A0C91BC942}") = "lab_4_2_iterations", "lab_4_2_iterations\lab_4_2_iterations.vcxproj", "{063C0DC6-F462-4223-BE11-328B714A01DD}"
EndProject
Global
	GlobalSection(SolutionConfigurationPlatforms) = preSolution
		Debug|x64 = Debug|x64
		Debug|x86 = Debug|x86
		Release|x64 = Release|x64
		Release|x86 = Release|x86
	EndGlobalSection
	GlobalSection(ProjectConfigurationPlatforms) = postSolution
		{0B7AE8C4-825C-4F12-94E7-0D63C29E8043}.Debug|x64.ActiveCfg = Debug|x64
		{0B7AE8C4-825C-4F12-94E7-0D63C29E8043}.Debug|x64.Build.0 = Debug|x64
		{0B7AE8C4-825C-4F12-94E7-0D63C29E8043}.Debug|x86.ActiveCfg = Debug|Win32
		{0B7AE8C4-825C-4F12-94E7-0D63C29E8043}.Debug|x86.Build.0 = Debug|Win32
		{0B7AE8C4-825C-4F12-94E7-0D63C29E8043}.Release|x64.ActiveCfg = Release|x64
		{0B7AE8C4-825C-4F12-94E7-0D63C29E8043}.Release|x64.Build.0 = Release|x64
		{0B7AE8C4-825C-4F12-94E7-0D63C29E8043}.Release|x86.ActiveCfg = Release|Win32
		{0B7AE8C4-825C-4F12-94E7-0D63C29E8043}.Release|x86.Build.0 = Release|Win32
		{944E9928-00E3-4453-8010-20716DF2AACB}.Debug|x64.ActiveCfg = Debug|x64
		{944E9928-00E3-4453-8010-20716DF2AACB}.Debug|x64.Build.0 = Debug|x64
		{944E9928-00E3-4453-8010-20716DF2AACB}.Debug|x86.ActiveCfg = Debug|Win32
		{944E9928-00E3-4453-8010-20716DF2AACB}.Debug|x86.Build.0 = Debug|Win32
		{944E9928-00E3-4453-8010-20716DF2AACB}.Release|x64.ActiveCfg = Release|x64
		{944E9928-00E3-4453-8010-20716DF2AACB}.Release|x64.Build.0 = Release|x64
		{944E9928-00E3-4453-8010-20716DF2AACB}.Release|x86.ActiveCfg = Release|Win32
		{944E9928-00E3-4453-8010-20716DF2AACB}.Release|x86.Build.0 = Release|Win32
		{E14963BA-F92E-441E-8336-778A7743DD44}.Debug|x64.ActiveCfg = Debug|x64
		{E14963BA-F92E-441E-8336-778A7743DD44}.Debug|x64.Build.0 = Debug|x64
		{E14963BA-F92E-441E-8336-778A7743DD44}.Debug|x86.ActiveCfg = Debug|Win32
		{E14963BA-F92E-441E-8336-778A7743DD44}.Debug|x86.Build.0 = Debug|Win32
		{E14963BA-F92E-441E-8336-778A7743DD44}.Release|x64.ActiveCfg = Release|x64
		{E14963BA-F92E-441E-8336-778A7743DD44}.Release|x64.Build.0 = Release|x64
		{E14963BA-F92E-441E-8336-778A7743DD44}.Release|x86.ActiveCfg = Release|Win32
		{E14963BA-F92E-441E-8336-778A7743DD44}.Release|x86.Build.0 = Release|Win32
		{D19F21B7-51C5-4EBF-9B42-489E63F7B573}.Debug|x64.ActiveCfg = Debug|x64
		{D19F21B7-51C5-4EBF-9B42-489E63F7B573}.Debug|x64.Build.0 = Debug|x64
		{D19F21B7-51C5-4EBF-9B42-489E63F7B573}.Debug|x86.ActiveCfg = Debug|Win32
		{D19F21B7-51C5-4EBF-9B42-489E63F7B573}.Debug|x86.Build.0 = Debug|Win32
		{D19F21B7-51C5-4EBF-9B42-489E63F7B573}.Release|x64.ActiveCfg = Release|x64
		{D19F21B7-51C5-4EBF-9B42-489E63F7B573}.Release|x64.Build.0 = Release|x64
		{D19F21B7-51C5-4EBF-9B42-489E63F7B573}.Release|x86.ActiveCfg = Release|Win32
		{D19F21B7-51C5-4EBF-9B42-489E63F7B573}.Release|x86.Build.0 = Release|Win32
		{363F2321-4EF0-4BEA-90EC-9EF8DACE8D8E}.Debug|x64.ActiveCfg = Debug|x64
		{363F2321-4EF0-4BEA-90EC-9EF8DACE8D8E}.Debug|x64.Build.0 = Debug|x64
		{363F2321-4EF0-4BEA-90EC-9EF8DACE8D8E}.Debug|x86.ActiveCfg = Debug|Win32
		{363F2321-4EF0-4BEA-90EC-9EF8DACE8D8E}.Debug|x86.Build.0 = Debug|Win32
		{363F2321-4EF0-4BEA-90EC-9EF8DACE8D8E}.Release|x64.ActiveCfg = Release|x64
		{363F2321-4EF0-4BEA-90EC-9EF8DACE8D8E}.Release|x64.Build.0 = Release|x64
		{363F2321-4EF0-4BEA-90EC-9EF8DACE8D8E}.Release|x86.ActiveCfg = Release|Win32
		{363F2321-4EF0-4BEA-90EC-9EF8DACE8D8E}.Release|x86.Build.0 = Release|Win32
		{CE1A3A0F-E57E-47E8-B1ED-125A6E6A7BBE}.Debug|x64.ActiveCfg = Debug|x64
		{CE1A3A0F-E57E-47E8-B1ED-125A6E6A7BBE}.Debug|x64.Build.0 = Debug|x64
		{CE1A3A0F-E57E-47E8-B1ED-125A6E6A7BBE}.Debug|x86.ActiveCfg = Debug|Win32
		{CE1A3A0F-E57E-47E8-B1ED-125A6E6A7BBE}.Debug|x86.Build.0 = Debug|Win32
		{CE1A3A0F-E57E-47E8-B1ED-125A6E6A7BBE}.Release|x64.ActiveCfg = Release|x64
		{CE1A3A0F-E57E-47E8-B1ED-125A6E6A7BBE}.Release|x64.Build.0 = Release|x64
		{CE1A3A0F-E57E-47E8-B1ED-125A6E6A7BBE}.Release|x86.ActiveCfg = Release|Win32
		{CE1A3A0F-E57E-47E8-B1ED-125A6E6A7BBE}.Release|x86.Build.0 = Release|Win32
		{37C574D1-47AA-40BD-84A6-A0E9DC9AC9C9}.Debug|x64.ActiveCfg = Debug|x64
		{37C574D1-47AA-40BD-84A6-A0E9DC9AC9C9}.Debug|x64.Build.0 = Debug|x64
		{37C574D1-47AA-40BD-84A6-A0E9DC9AC9C9}.Debug|x86.ActiveCfg = Debug|Win32
		{37C574D1-47AA-40BD-84A6-A0E9DC9AC9C9}.Debug|x86.Build.0 = Debug|Win32
		{37C574D1-47AA-40BD-84A6-A0E9DC9AC9C9}.Release|x64.ActiveCfg = Release|x64
		{37C574D1-47AA-40BD-84A6-A0E9DC9AC9C9}.Release|x64.Build.0 = Release|x64
		{37C574D1-47AA-40BD-84A6-A0E9DC9AC9C9}.Release|x86.ActiveCfg = Release|Win32
		{37C574D1-47AA-40BD-84A6-A0E9DC9AC9C9}.Release|x86.Build.0 = Release|Win32
		{063C0DC6-F462-4223-BE11-328B714A01DD}.Debug|x64.ActiveCfg = Debug|x64
		{063C0DC6-F462-4223-BE11-328B714A01DD}.Debug|x64.Build.0 = Debug|x64
		{063C0DC6-F462-4223-BE11-328B714A01DD}.Debug|x86.ActiveCfg = Debug|Win32
		{063C0DC6-F462-4223-BE11-328B714A01DD}.Debug|x86.Build.0 = Debug|Win32
		{063C0DC6-F462-4223-BE11-328B714A01DD}.Release|x64.ActiveCfg = Release|x64
		{063C0DC6-F462-4223-BE11-328B714A01DD}.Release|x64.Build.0 = Release|x64
		{063C0DC6-F462-4223-BE11-328B714A01DD}.Release|x86.ActiveCfg = Release|Win32
		{063C0DC6-F462-4223-BE11-328B714A01DD}.Release|x86.Build.0 = Release|Win32
	EndGlobalSection
	GlobalSection(SolutionProperties) = preSolution
		HideSolutionNode = FALSE
	EndGlobalSection
	GlobalSection(ExtensibilityGlobals) = postSolution
		SolutionGuid = {839405CC-93B4-423B-AC9A-0C61A15DF112}
	EndGlobalSection
EndGlobal
